// !$*UTF8*$!
{
	archiveVersion = 1;
	classes = {
	};
	objectVersion = 55;
	objects = {

/* Begin PBXBuildFile section */
		0DA5A1F827C43B3500698A51 /* places.json in Resources */ = {isa = PBXBuildFile; fileRef = 0DA5A1F727C43B3500698A51 /* places.json */; };
		CB328A1B27C4317C00AB6E80 /* celesteApp.swift in Sources */ = {isa = PBXBuildFile; fileRef = CB328A1A27C4317C00AB6E80 /* celesteApp.swift */; };
		CB328A1D27C4317C00AB6E80 /* ContentView.swift in Sources */ = {isa = PBXBuildFile; fileRef = CB328A1C27C4317C00AB6E80 /* ContentView.swift */; };
		CB328A1F27C4317D00AB6E80 /* Assets.xcassets in Resources */ = {isa = PBXBuildFile; fileRef = CB328A1E27C4317D00AB6E80 /* Assets.xcassets */; };
		CB328A2227C4317D00AB6E80 /* Preview Assets.xcassets in Resources */ = {isa = PBXBuildFile; fileRef = CB328A2127C4317D00AB6E80 /* Preview Assets.xcassets */; };
		CB328A2C27C4317D00AB6E80 /* celesteTests.swift in Sources */ = {isa = PBXBuildFile; fileRef = CB328A2B27C4317D00AB6E80 /* celesteTests.swift */; };
		CB328A3627C4317D00AB6E80 /* celesteUITests.swift in Sources */ = {isa = PBXBuildFile; fileRef = CB328A3527C4317D00AB6E80 /* celesteUITests.swift */; };
		CB328A3827C4317D00AB6E80 /* celesteUITestsLaunchTests.swift in Sources */ = {isa = PBXBuildFile; fileRef = CB328A3727C4317D00AB6E80 /* celesteUITestsLaunchTests.swift */; };
/* End PBXBuildFile section */

/* Begin PBXContainerItemProxy section */
		CB328A2827C4317D00AB6E80 /* PBXContainerItemProxy */ = {
			isa = PBXContainerItemProxy;
			containerPortal = CB328A0F27C4317C00AB6E80 /* Project object */;
			proxyType = 1;
			remoteGlobalIDString = CB328A1627C4317C00AB6E80;
			remoteInfo = celeste;
		};
		CB328A3227C4317D00AB6E80 /* PBXContainerItemProxy */ = {
			isa = PBXContainerItemProxy;
			containerPortal = CB328A0F27C4317C00AB6E80 /* Project object */;
			proxyType = 1;
			remoteGlobalIDString = CB328A1627C4317C00AB6E80;
			remoteInfo = celeste;
		};
/* End PBXContainerItemProxy section */

/* Begin PBXFileReference section */
		0DA5A1F727C43B3500698A51 /* places.json */ = {isa = PBXFileReference; fileEncoding = 4; lastKnownFileType = text.json; name = places.json; path = ../../../places.json; sourceTree = "<group>"; };
		CB328A1727C4317C00AB6E80 /* celeste.app */ = {isa = PBXFileReference; explicitFileType = wrapper.application; includeInIndex = 0; path = celeste.app; sourceTree = BUILT_PRODUCTS_DIR; };
		CB328A1A27C4317C00AB6E80 /* celesteApp.swift */ = {isa = PBXFileReference; lastKnownFileType = sourcecode.swift; path = celesteApp.swift; sourceTree = "<group>"; };
		CB328A1C27C4317C00AB6E80 /* ContentView.swift */ = {isa = PBXFileReference; lastKnownFileType = sourcecode.swift; path = ContentView.swift; sourceTree = "<group>"; };
		CB328A1E27C4317D00AB6E80 /* Assets.xcassets */ = {isa = PBXFileReference; lastKnownFileType = folder.assetcatalog; path = Assets.xcassets; sourceTree = "<group>"; };
		CB328A2127C4317D00AB6E80 /* Preview Assets.xcassets */ = {isa = PBXFileReference; lastKnownFileType = folder.assetcatalog; path = "Preview Assets.xcassets"; sourceTree = "<group>"; };
		CB328A2727C4317D00AB6E80 /* celesteTests.xctest */ = {isa = PBXFileReference; explicitFileType = wrapper.cfbundle; includeInIndex = 0; path = celesteTests.xctest; sourceTree = BUILT_PRODUCTS_DIR; };
		CB328A2B27C4317D00AB6E80 /* celesteTests.swift */ = {isa = PBXFileReference; lastKnownFileType = sourcecode.swift; path = celesteTests.swift; sourceTree = "<group>"; };
		CB328A3127C4317D00AB6E80 /* celesteUITests.xctest */ = {isa = PBXFileReference; explicitFileType = wrapper.cfbundle; includeInIndex = 0; path = celesteUITests.xctest; sourceTree = BUILT_PRODUCTS_DIR; };
		CB328A3527C4317D00AB6E80 /* celesteUITests.swift */ = {isa = PBXFileReference; lastKnownFileType = sourcecode.swift; path = celesteUITests.swift; sourceTree = "<group>"; };
		CB328A3727C4317D00AB6E80 /* celesteUITestsLaunchTests.swift */ = {isa = PBXFileReference; lastKnownFileType = sourcecode.swift; path = celesteUITestsLaunchTests.swift; sourceTree = "<group>"; };
/* End PBXFileReference section */

/* Begin PBXFrameworksBuildPhase section */
		CB328A1427C4317C00AB6E80 /* Frameworks */ = {
			isa = PBXFrameworksBuildPhase;
			buildActionMask = 2147483647;
			files = (
			);
			runOnlyForDeploymentPostprocessing = 0;
		};
		CB328A2427C4317D00AB6E80 /* Frameworks */ = {
			isa = PBXFrameworksBuildPhase;
			buildActionMask = 2147483647;
			files = (
			);
			runOnlyForDeploymentPostprocessing = 0;
		};
		CB328A2E27C4317D00AB6E80 /* Frameworks */ = {
			isa = PBXFrameworksBuildPhase;
			buildActionMask = 2147483647;
			files = (
			);
			runOnlyForDeploymentPostprocessing = 0;
		};
/* End PBXFrameworksBuildPhase section */

/* Begin PBXGroup section */
		0DA5A1F527C43B0B00698A51 /* Resources */ = {
			isa = PBXGroup;
			children = (
				0DA5A1F727C43B3500698A51 /* places.json */,
			);
			path = Resources;
			sourceTree = "<group>";
		};
		0DA5A1F927C43B3D00698A51 /* Views */ = {
			isa = PBXGroup;
			children = (
			);
			path = Views;
			sourceTree = "<group>";
		};
		0DA5A1FA27C43B4300698A51 /* Models */ = {
			isa = PBXGroup;
			children = (
			);
			path = Models;
			sourceTree = "<group>";
		};
		CB328A0E27C4317C00AB6E80 = {
			isa = PBXGroup;
			children = (
				CB328A1927C4317C00AB6E80 /* celeste */,
				CB328A2A27C4317D00AB6E80 /* celesteTests */,
				CB328A3427C4317D00AB6E80 /* celesteUITests */,
				CB328A1827C4317C00AB6E80 /* Products */,
			);
			sourceTree = "<group>";
		};
		CB328A1827C4317C00AB6E80 /* Products */ = {
			isa = PBXGroup;
			children = (
				CB328A1727C4317C00AB6E80 /* celeste.app */,
				CB328A2727C4317D00AB6E80 /* celesteTests.xctest */,
				CB328A3127C4317D00AB6E80 /* celesteUITests.xctest */,
			);
			name = Products;
			sourceTree = "<group>";
		};
		CB328A1927C4317C00AB6E80 /* celeste */ = {
			isa = PBXGroup;
			children = (
				0DA5A1FA27C43B4300698A51 /* Models */,
				0DA5A1F927C43B3D00698A51 /* Views */,
				0DA5A1F527C43B0B00698A51 /* Resources */,
				CB328A1A27C4317C00AB6E80 /* celesteApp.swift */,
				CB328A1C27C4317C00AB6E80 /* ContentView.swift */,
				CB328A1E27C4317D00AB6E80 /* Assets.xcassets */,
				CB328A2027C4317D00AB6E80 /* Preview Content */,
			);
			path = celeste;
			sourceTree = "<group>";
		};
		CB328A2027C4317D00AB6E80 /* Preview Content */ = {
			isa = PBXGroup;
			children = (
				CB328A2127C4317D00AB6E80 /* Preview Assets.xcassets */,
			);
			path = "Preview Content";
			sourceTree = "<group>";
		};
		CB328A2A27C4317D00AB6E80 /* celesteTests */ = {
			isa = PBXGroup;
			children = (
				CB328A2B27C4317D00AB6E80 /* celesteTests.swift */,
			);
			path = celesteTests;
			sourceTree = "<group>";
		};
		CB328A3427C4317D00AB6E80 /* celesteUITests */ = {
			isa = PBXGroup;
			children = (
				CB328A3527C4317D00AB6E80 /* celesteUITests.swift */,
				CB328A3727C4317D00AB6E80 /* celesteUITestsLaunchTests.swift */,
			);
			path = celesteUITests;
			sourceTree = "<group>";
		};
/* End PBXGroup section */

/* Begin PBXNativeTarget section */
		CB328A1627C4317C00AB6E80 /* celeste */ = {
			isa = PBXNativeTarget;
			buildConfigurationList = CB328A3B27C4317D00AB6E80 /* Build configuration list for PBXNativeTarget "celeste" */;
			buildPhases = (
				CB328A1327C4317C00AB6E80 /* Sources */,
				CB328A1427C4317C00AB6E80 /* Frameworks */,
				CB328A1527C4317C00AB6E80 /* Resources */,
			);
			buildRules = (
			);
			dependencies = (
			);
			name = celeste;
			productName = celeste;
			productReference = CB328A1727C4317C00AB6E80 /* celeste.app */;
			productType = "com.apple.product-type.application";
		};
		CB328A2627C4317D00AB6E80 /* celesteTests */ = {
			isa = PBXNativeTarget;
			buildConfigurationList = CB328A3E27C4317D00AB6E80 /* Build configuration list for PBXNativeTarget "celesteTests" */;
			buildPhases = (
				CB328A2327C4317D00AB6E80 /* Sources */,
				CB328A2427C4317D00AB6E80 /* Frameworks */,
				CB328A2527C4317D00AB6E80 /* Resources */,
			);
			buildRules = (
			);
			dependencies = (
				CB328A2927C4317D00AB6E80 /* PBXTargetDependency */,
			);
			name = celesteTests;
			productName = celesteTests;
			productReference = CB328A2727C4317D00AB6E80 /* celesteTests.xctest */;
			productType = "com.apple.product-type.bundle.unit-test";
		};
		CB328A3027C4317D00AB6E80 /* celesteUITests */ = {
			isa = PBXNativeTarget;
			buildConfigurationList = CB328A4127C4317D00AB6E80 /* Build configuration list for PBXNativeTarget "celesteUITests" */;
			buildPhases = (
				CB328A2D27C4317D00AB6E80 /* Sources */,
				CB328A2E27C4317D00AB6E80 /* Frameworks */,
				CB328A2F27C4317D00AB6E80 /* Resources */,
			);
			buildRules = (
			);
			dependencies = (
				CB328A3327C4317D00AB6E80 /* PBXTargetDependency */,
			);
			name = celesteUITests;
			productName = celesteUITests;
			productReference = CB328A3127C4317D00AB6E80 /* celesteUITests.xctest */;
			productType = "com.apple.product-type.bundle.ui-testing";
		};
/* End PBXNativeTarget section */

/* Begin PBXProject section */
		CB328A0F27C4317C00AB6E80 /* Project object */ = {
			isa = PBXProject;
			attributes = {
				BuildIndependentTargetsInParallel = 1;
				LastSwiftUpdateCheck = 1300;
				LastUpgradeCheck = 1300;
				TargetAttributes = {
					CB328A1627C4317C00AB6E80 = {
						CreatedOnToolsVersion = 13.0;
					};
					CB328A2627C4317D00AB6E80 = {
						CreatedOnToolsVersion = 13.0;
						TestTargetID = CB328A1627C4317C00AB6E80;
					};
					CB328A3027C4317D00AB6E80 = {
						CreatedOnToolsVersion = 13.0;
						TestTargetID = CB328A1627C4317C00AB6E80;
					};
				};
			};
			buildConfigurationList = CB328A1227C4317C00AB6E80 /* Build configuration list for PBXProject "celeste" */;
			compatibilityVersion = "Xcode 13.0";
			developmentRegion = en;
			hasScannedForEncodings = 0;
			knownRegions = (
				en,
				Base,
			);
			mainGroup = CB328A0E27C4317C00AB6E80;
			productRefGroup = CB328A1827C4317C00AB6E80 /* Products */;
			projectDirPath = "";
			projectRoot = "";
			targets = (
				CB328A1627C4317C00AB6E80 /* celeste */,
				CB328A2627C4317D00AB6E80 /* celesteTests */,
				CB328A3027C4317D00AB6E80 /* celesteUITests */,
			);
		};
/* End PBXProject section */

/* Begin PBXResourcesBuildPhase section */
		CB328A1527C4317C00AB6E80 /* Resources */ = {
			isa = PBXResourcesBuildPhase;
			buildActionMask = 2147483647;
			files = (
				0DA5A1F827C43B3500698A51 /* places.json in Resources */,
				CB328A2227C4317D00AB6E80 /* Preview Assets.xcassets in Resources */,
				CB328A1F27C4317D00AB6E80 /* Assets.xcassets in Resources */,
			);
			runOnlyForDeploymentPostprocessing = 0;
		};
		CB328A2527C4317D00AB6E80 /* Resources */ = {
			isa = PBXResourcesBuildPhase;
			buildActionMask = 2147483647;
			files = (
			);
			runOnlyForDeploymentPostprocessing = 0;
		};
		CB328A2F27C4317D00AB6E80 /* Resources */ = {
			isa = PBXResourcesBuildPhase;
			buildActionMask = 2147483647;
			files = (
			);
			runOnlyForDeploymentPostprocessing = 0;
		};
/* End PBXResourcesBuildPhase section */

/* Begin PBXSourcesBuildPhase section */
		CB328A1327C4317C00AB6E80 /* Sources */ = {
			isa = PBXSourcesBuildPhase;
			buildActionMask = 2147483647;
			files = (
				CB328A1D27C4317C00AB6E80 /* ContentView.swift in Sources */,
				CB328A1B27C4317C00AB6E80 /* celesteApp.swift in Sources */,
			);
			runOnlyForDeploymentPostprocessing = 0;
		};
		CB328A2327C4317D00AB6E80 /* Sources */ = {
			isa = PBXSourcesBuildPhase;
			buildActionMask = 2147483647;
			files = (
				CB328A2C27C4317D00AB6E80 /* celesteTests.swift in Sources */,
			);
			runOnlyForDeploymentPostprocessing = 0;
		};
		CB328A2D27C4317D00AB6E80 /* Sources */ = {
			isa = PBXSourcesBuildPhase;
			buildActionMask = 2147483647;
			files = (
				CB328A3827C4317D00AB6E80 /* celesteUITestsLaunchTests.swift in Sources */,
				CB328A3627C4317D00AB6E80 /* celesteUITests.swift in Sources */,
			);
			runOnlyForDeploymentPostprocessing = 0;
		};
/* End PBXSourcesBuildPhase section */

/* Begin PBXTargetDependency section */
		CB328A2927C4317D00AB6E80 /* PBXTargetDependency */ = {
			isa = PBXTargetDependency;
			target = CB328A1627C4317C00AB6E80 /* celeste */;
			targetProxy = CB328A2827C4317D00AB6E80 /* PBXContainerItemProxy */;
		};
		CB328A3327C4317D00AB6E80 /* PBXTargetDependency */ = {
			isa = PBXTargetDependency;
			target = CB328A1627C4317C00AB6E80 /* celeste */;
			targetProxy = CB328A3227C4317D00AB6E80 /* PBXContainerItemProxy */;
		};
/* End PBXTargetDependency section */

/* Begin XCBuildConfiguration section */
		CB328A3927C4317D00AB6E80 /* Debug */ = {
			isa = XCBuildConfiguration;
			buildSettings = {
				ALWAYS_SEARCH_USER_PATHS = NO;
				CLANG_ANALYZER_NONNULL = YES;
				CLANG_ANALYZER_NUMBER_OBJECT_CONVERSION = YES_AGGRESSIVE;
				CLANG_CXX_LANGUAGE_STANDARD = "gnu++17";
				CLANG_CXX_LIBRARY = "libc++";
				CLANG_ENABLE_MODULES = YES;
				CLANG_ENABLE_OBJC_ARC = YES;
				CLANG_ENABLE_OBJC_WEAK = YES;
				CLANG_WARN_BLOCK_CAPTURE_AUTORELEASING = YES;
				CLANG_WARN_BOOL_CONVERSION = YES;
				CLANG_WARN_COMMA = YES;
				CLANG_WARN_CONSTANT_CONVERSION = YES;
				CLANG_WARN_DEPRECATED_OBJC_IMPLEMENTATIONS = YES;
				CLANG_WARN_DIRECT_OBJC_ISA_USAGE = YES_ERROR;
				CLANG_WARN_DOCUMENTATION_COMMENTS = YES;
				CLANG_WARN_EMPTY_BODY = YES;
				CLANG_WARN_ENUM_CONVERSION = YES;
				CLANG_WARN_INFINITE_RECURSION = YES;
				CLANG_WARN_INT_CONVERSION = YES;
				CLANG_WARN_NON_LITERAL_NULL_CONVERSION = YES;
				CLANG_WARN_OBJC_IMPLICIT_RETAIN_SELF = YES;
				CLANG_WARN_OBJC_LITERAL_CONVERSION = YES;
				CLANG_WARN_OBJC_ROOT_CLASS = YES_ERROR;
				CLANG_WARN_QUOTED_INCLUDE_IN_FRAMEWORK_HEADER = YES;
				CLANG_WARN_RANGE_LOOP_ANALYSIS = YES;
				CLANG_WARN_STRICT_PROTOTYPES = YES;
				CLANG_WARN_SUSPICIOUS_MOVE = YES;
				CLANG_WARN_UNGUARDED_AVAILABILITY = YES_AGGRESSIVE;
				CLANG_WARN_UNREACHABLE_CODE = YES;
				CLANG_WARN__DUPLICATE_METHOD_MATCH = YES;
				COPY_PHASE_STRIP = NO;
				DEBUG_INFORMATION_FORMAT = dwarf;
				ENABLE_STRICT_OBJC_MSGSEND = YES;
				ENABLE_TESTABILITY = YES;
				GCC_C_LANGUAGE_STANDARD = gnu11;
				GCC_DYNAMIC_NO_PIC = NO;
				GCC_NO_COMMON_BLOCKS = YES;
				GCC_OPTIMIZATION_LEVEL = 0;
				GCC_PREPROCESSOR_DEFINITIONS = (
					"DEBUG=1",
					"$(inherited)",
				);
				GCC_WARN_64_TO_32_BIT_CONVERSION = YES;
				GCC_WARN_ABOUT_RETURN_TYPE = YES_ERROR;
				GCC_WARN_UNDECLARED_SELECTOR = YES;
				GCC_WARN_UNINITIALIZED_AUTOS = YES_AGGRESSIVE;
				GCC_WARN_UNUSED_FUNCTION = YES;
				GCC_WARN_UNUSED_VARIABLE = YES;
				IPHONEOS_DEPLOYMENT_TARGET = 15.0;
				MTL_ENABLE_DEBUG_INFO = INCLUDE_SOURCE;
				MTL_FAST_MATH = YES;
				ONLY_ACTIVE_ARCH = YES;
				SDKROOT = iphoneos;
				SWIFT_ACTIVE_COMPILATION_CONDITIONS = DEBUG;
				SWIFT_OPTIMIZATION_LEVEL = "-Onone";
			};
			name = Debug;
		};
		CB328A3A27C4317D00AB6E80 /* Release */ = {
			isa = XCBuildConfiguration;
			buildSettings = {
				ALWAYS_SEARCH_USER_PATHS = NO;
				CLANG_ANALYZER_NONNULL = YES;
				CLANG_ANALYZER_NUMBER_OBJECT_CONVERSION = YES_AGGRESSIVE;
				CLANG_CXX_LANGUAGE_STANDARD = "gnu++17";
				CLANG_CXX_LIBRARY = "libc++";
				CLANG_ENABLE_MODULES = YES;
				CLANG_ENABLE_OBJC_ARC = YES;
				CLANG_ENABLE_OBJC_WEAK = YES;
				CLANG_WARN_BLOCK_CAPTURE_AUTORELEASING = YES;
				CLANG_WARN_BOOL_CONVERSION = YES;
				CLANG_WARN_COMMA = YES;
				CLANG_WARN_CONSTANT_CONVERSION = YES;
				CLANG_WARN_DEPRECATED_OBJC_IMPLEMENTATIONS = YES;
				CLANG_WARN_DIRECT_OBJC_ISA_USAGE = YES_ERROR;
				CLANG_WARN_DOCUMENTATION_COMMENTS = YES;
				CLANG_WARN_EMPTY_BODY = YES;
				CLANG_WARN_ENUM_CONVERSION = YES;
				CLANG_WARN_INFINITE_RECURSION = YES;
				CLANG_WARN_INT_CONVERSION = YES;
				CLANG_WARN_NON_LITERAL_NULL_CONVERSION = YES;
				CLANG_WARN_OBJC_IMPLICIT_RETAIN_SELF = YES;
				CLANG_WARN_OBJC_LITERAL_CONVERSION = YES;
				CLANG_WARN_OBJC_ROOT_CLASS = YES_ERROR;
				CLANG_WARN_QUOTED_INCLUDE_IN_FRAMEWORK_HEADER = YES;
				CLANG_WARN_RANGE_LOOP_ANALYSIS = YES;
				CLANG_WARN_STRICT_PROTOTYPES = YES;
				CLANG_WARN_SUSPICIOUS_MOVE = YES;
				CLANG_WARN_UNGUARDED_AVAILABILITY = YES_AGGRESSIVE;
				CLANG_WARN_UNREACHABLE_CODE = YES;
				CLANG_WARN__DUPLICATE_METHOD_MATCH = YES;
				COPY_PHASE_STRIP = NO;
				DEBUG_INFORMATION_FORMAT = "dwarf-with-dsym";
				ENABLE_NS_ASSERTIONS = NO;
				ENABLE_STRICT_OBJC_MSGSEND = YES;
				GCC_C_LANGUAGE_STANDARD = gnu11;
				GCC_NO_COMMON_BLOCKS = YES;
				GCC_WARN_64_TO_32_BIT_CONVERSION = YES;
				GCC_WARN_ABOUT_RETURN_TYPE = YES_ERROR;
				GCC_WARN_UNDECLARED_SELECTOR = YES;
				GCC_WARN_UNINITIALIZED_AUTOS = YES_AGGRESSIVE;
				GCC_WARN_UNUSED_FUNCTION = YES;
				GCC_WARN_UNUSED_VARIABLE = YES;
				IPHONEOS_DEPLOYMENT_TARGET = 15.0;
				MTL_ENABLE_DEBUG_INFO = NO;
				MTL_FAST_MATH = YES;
				SDKROOT = iphoneos;
				SWIFT_COMPILATION_MODE = wholemodule;
				SWIFT_OPTIMIZATION_LEVEL = "-O";
				VALIDATE_PRODUCT = YES;
			};
			name = Release;
		};
		CB328A3C27C4317D00AB6E80 /* Debug */ = {
			isa = XCBuildConfiguration;
			buildSettings = {
				ASSETCATALOG_COMPILER_APPICON_NAME = AppIcon;
				ASSETCATALOG_COMPILER_GLOBAL_ACCENT_COLOR_NAME = AccentColor;
				CODE_SIGN_STYLE = Automatic;
				CURRENT_PROJECT_VERSION = 1;
				DEVELOPMENT_ASSET_PATHS = "\"celeste/Preview Content\"";
				ENABLE_PREVIEWS = YES;
				GENERATE_INFOPLIST_FILE = YES;
				INFOPLIST_KEY_UIApplicationSceneManifest_Generation = YES;
				INFOPLIST_KEY_UIApplicationSupportsIndirectInputEvents = YES;
				INFOPLIST_KEY_UILaunchScreen_Generation = YES;
				INFOPLIST_KEY_UISupportedInterfaceOrientations_iPad = "UIInterfaceOrientationPortrait UIInterfaceOrientationPortraitUpsideDown UIInterfaceOrientationLandscapeLeft UIInterfaceOrientationLandscapeRight";
				INFOPLIST_KEY_UISupportedInterfaceOrientations_iPhone = "UIInterfaceOrientationPortrait UIInterfaceOrientationLandscapeLeft UIInterfaceOrientationLandscapeRight";
				IPHONEOS_DEPLOYMENT_TARGET = 14.0;
				LD_RUNPATH_SEARCH_PATHS = (
					"$(inherited)",
					"@executable_path/Frameworks",
				);
				MARKETING_VERSION = 1.0;
				PRODUCT_BUNDLE_IDENTIFIER = com.sj.celeste;
				PRODUCT_NAME = "$(TARGET_NAME)";
				SWIFT_EMIT_LOC_STRINGS = YES;
				SWIFT_VERSION = 5.0;
				TARGETED_DEVICE_FAMILY = "1,2";
			};
			name = Debug;
		};
		CB328A3D27C4317D00AB6E80 /* Release */ = {
			isa = XCBuildConfiguration;
			buildSettings = {
				ASSETCATALOG_COMPILER_APPICON_NAME = AppIcon;
				ASSETCATALOG_COMPILER_GLOBAL_ACCENT_COLOR_NAME = AccentColor;
				CODE_SIGN_STYLE = Automatic;
				CURRENT_PROJECT_VERSION = 1;
				DEVELOPMENT_ASSET_PATHS = "\"celeste/Preview Content\"";
				ENABLE_PREVIEWS = YES;
				GENERATE_INFOPLIST_FILE = YES;
				INFOPLIST_KEY_UIApplicationSceneManifest_Generation = YES;
				INFOPLIST_KEY_UIApplicationSupportsIndirectInputEvents = YES;
				INFOPLIST_KEY_UILaunchScreen_Generation = YES;
				INFOPLIST_KEY_UISupportedInterfaceOrientations_iPad = "UIInterfaceOrientationPortrait UIInterfaceOrientationPortraitUpsideDown UIInterfaceOrientationLandscapeLeft UIInterfaceOrientationLandscapeRight";
				INFOPLIST_KEY_UISupportedInterfaceOrientations_iPhone = "UIInterfaceOrientationPortrait UIInterfaceOrientationLandscapeLeft UIInterfaceOrientationLandscapeRight";
				IPHONEOS_DEPLOYMENT_TARGET = 14.0;
				LD_RUNPATH_SEARCH_PATHS = (
					"$(inherited)",
					"@executable_path/Frameworks",
				);
				MARKETING_VERSION = 1.0;
				PRODUCT_BUNDLE_IDENTIFIER = com.sj.celeste;
				PRODUCT_NAME = "$(TARGET_NAME)";
				SWIFT_EMIT_LOC_STRINGS = YES;
				SWIFT_VERSION = 5.0;
				TARGETED_DEVICE_FAMILY = "1,2";
			};
			name = Release;
		};
		CB328A3F27C4317D00AB6E80 /* Debug */ = {
			isa = XCBuildConfiguration;
			buildSettings = {
				ALWAYS_EMBED_SWIFT_STANDARD_LIBRARIES = YES;
				BUNDLE_LOADER = "$(TEST_HOST)";
				CODE_SIGN_STYLE = Automatic;
				CURRENT_PROJECT_VERSION = 1;
				GENERATE_INFOPLIST_FILE = YES;
				IPHONEOS_DEPLOYMENT_TARGET = 14.0;
				LD_RUNPATH_SEARCH_PATHS = (
					"$(inherited)",
					"@executable_path/Frameworks",
					"@loader_path/Frameworks",
				);
				MARKETING_VERSION = 1.0;
				PRODUCT_BUNDLE_IDENTIFIER = com.sj.celesteTests;
				PRODUCT_NAME = "$(TARGET_NAME)";
				SWIFT_EMIT_LOC_STRINGS = NO;
				SWIFT_VERSION = 5.0;
				TARGETED_DEVICE_FAMILY = "1,2";
				TEST_HOST = "$(BUILT_PRODUCTS_DIR)/celeste.app/celeste";
			};
			name = Debug;
		};
		CB328A4027C4317D00AB6E80 /* Release */ = {
			isa = XCBuildConfiguration;
			buildSettings = {
				ALWAYS_EMBED_SWIFT_STANDARD_LIBRARIES = YES;
				BUNDLE_LOADER = "$(TEST_HOST)";
				CODE_SIGN_STYLE = Automatic;
				CURRENT_PROJECT_VERSION = 1;
				GENERATE_INFOPLIST_FILE = YES;
				IPHONEOS_DEPLOYMENT_TARGET = 14.0;
				LD_RUNPATH_SEARCH_PATHS = (
					"$(inherited)",
					"@executable_path/Frameworks",
					"@loader_path/Frameworks",
				);
				MARKETING_VERSION = 1.0;
				PRODUCT_BUNDLE_IDENTIFIER = com.sj.celesteTests;
				PRODUCT_NAME = "$(TARGET_NAME)";
				SWIFT_EMIT_LOC_STRINGS = NO;
				SWIFT_VERSION = 5.0;
				TARGETED_DEVICE_FAMILY = "1,2";
				TEST_HOST = "$(BUILT_PRODUCTS_DIR)/celeste.app/celeste";
			};
			name = Release;
		};
		CB328A4227C4317D00AB6E80 /* Debug */ = {
			isa = XCBuildConfiguration;
			buildSettings = {
				ALWAYS_EMBED_SWIFT_STANDARD_LIBRARIES = YES;
				CODE_SIGN_STYLE = Automatic;
				CURRENT_PROJECT_VERSION = 1;
				GENERATE_INFOPLIST_FILE = YES;
				LD_RUNPATH_SEARCH_PATHS = (
					"$(inherited)",
					"@executable_path/Frameworks",
					"@loader_path/Frameworks",
				);
				MARKETING_VERSION = 1.0;
				PRODUCT_BUNDLE_IDENTIFIER = com.sj.celesteUITests;
				PRODUCT_NAME = "$(TARGET_NAME)";
				SWIFT_EMIT_LOC_STRINGS = NO;
				SWIFT_VERSION = 5.0;
				TARGETED_DEVICE_FAMILY = "1,2";
				TEST_TARGET_NAME = celeste;
			};
			name = Debug;
		};
		CB328A4327C4317D00AB6E80 /* Release */ = {
			isa = XCBuildConfiguration;
			buildSettings = {
				ALWAYS_EMBED_SWIFT_STANDARD_LIBRARIES = YES;
				CODE_SIGN_STYLE = Automatic;
				CURRENT_PROJECT_VERSION = 1;
				GENERATE_INFOPLIST_FILE = YES;
				LD_RUNPATH_SEARCH_PATHS = (
					"$(inherited)",
					"@executable_path/Frameworks",
					"@loader_path/Frameworks",
				);
				MARKETING_VERSION = 1.0;
				PRODUCT_BUNDLE_IDENTIFIER = com.sj.celesteUITests;
				PRODUCT_NAME = "$(TARGET_NAME)";
				SWIFT_EMIT_LOC_STRINGS = NO;
				SWIFT_VERSION = 5.0;
				TARGETED_DEVICE_FAMILY = "1,2";
				TEST_TARGET_NAME = celeste;
			};
			name = Release;
		};
/* End XCBuildConfiguration section */

/* Begin XCConfigurationList section */
		CB328A1227C4317C00AB6E80 /* Build configuration list for PBXProject "celeste" */ = {
			isa = XCConfigurationList;
			buildConfigurations = (
				CB328A3927C4317D00AB6E80 /* Debug */,
				CB328A3A27C4317D00AB6E80 /* Release */,
			);
			defaultConfigurationIsVisible = 0;
			defaultConfigurationName = Release;
		};
		CB328A3B27C4317D00AB6E80 /* Build configuration list for PBXNativeTarget "celeste" */ = {
			isa = XCConfigurationList;
			buildConfigurations = (
				CB328A3C27C4317D00AB6E80 /* Debug */,
				CB328A3D27C4317D00AB6E80 /* Release */,
			);
			defaultConfigurationIsVisible = 0;
			defaultConfigurationName = Release;
		};
		CB328A3E27C4317D00AB6E80 /* Build configuration list for PBXNativeTarget "celesteTests" */ = {
			isa = XCConfigurationList;
			buildConfigurations = (
				CB328A3F27C4317D00AB6E80 /* Debug */,
				CB328A4027C4317D00AB6E80 /* Release */,
			);
			defaultConfigurationIsVisible = 0;
			defaultConfigurationName = Release;
		};
		CB328A4127C4317D00AB6E80 /* Build configuration list for PBXNativeTarget "celesteUITests" */ = {
			isa = XCConfigurationList;
			buildConfigurations = (
				CB328A4227C4317D00AB6E80 /* Debug */,
				CB328A4327C4317D00AB6E80 /* Release */,
			);
			defaultConfigurationIsVisible = 0;
			defaultConfigurationName = Release;
		};
/* End XCConfigurationList section */
	};
	rootObject = CB328A0F27C4317C00AB6E80 /* Project object */;
}
